
Microsoft Visual Studio Solution File, Format Version 12.00
# Visual Studio Version 17
VisualStudioVersion = 17.11.35327.3
MinimumVisualStudioVersion = 10.0.40219.1
Project("{FAE04EC0-301F-11D3-BF4B-00C04F79EFBC}") = "Questions", "Questions\Questions.csproj", "{8EBCF229-DF22-4988-B7B1-DE632667A7D4}"
EndProject
Global
	GlobalSection(SolutionConfigurationPlatforms) = preSolution
		Debug|Any CPU = Debug|Any CPU
		Release|Any CPU = Release|Any CPU
	EndGlobalSection
	GlobalSection(ProjectConfigurationPlatforms) = postSolution
		{8EBCF229-DF22-4988-B7B1-DE632667A7D4}.Debug|Any CPU.ActiveCfg = Debug|Any CPU
		{8EBCF229-DF22-4988-B7B1-DE632667A7D4}.Debug|Any CPU.Build.0 = Debug|Any CPU
		{8EBCF229-DF22-4988-B7B1-DE632667A7D4}.Release|Any CPU.ActiveCfg = Release|Any CPU
		{8EBCF229-DF22-4988-B7B1-DE632667A7D4}.Release|Any CPU.Build.0 = Release|Any CPU
	EndGlobalSection
	GlobalSection(SolutionProperties) = preSolution
		HideSolutionNode = FALSE
	EndGlobalSection
	GlobalSection(ExtensibilityGlobals) = postSolution
		SolutionGuid = {1ECC4A1D-5B35-4299-820E-5D3002408F79}
	EndGlobalSection
EndGlobal
